
Microsoft Visual Studio Solution File, Format Version 12.00
# Visual Studio Version 17
VisualStudioVersion = 17.14.36414.22 d17.14
MinimumVisualStudioVersion = 10.0.40219.1
Project("{FAE04EC0-301F-11D3-BF4B-00C04F79EFBC}") = "calculadora", "calculadora\calculadora.csproj", "{9605E17D-8204-4882-84B4-5EEC296FBBA1}"
EndProject
Global
	GlobalSection(SolutionConfigurationPlatforms) = preSolution
		Debug|Any CPU = Debug|Any CPU
		Release|Any CPU = Release|Any CPU
	EndGlobalSection
	GlobalSection(ProjectConfigurationPlatforms) = postSolution
		{9605E17D-8204-4882-84B4-5EEC296FBBA1}.Debug|Any CPU.ActiveCfg = Debug|Any CPU
		{9605E17D-8204-4882-84B4-5EEC296FBBA1}.Debug|Any CPU.Build.0 = Debug|Any CPU
		{9605E17D-8204-4882-84B4-5EEC296FBBA1}.Release|Any CPU.ActiveCfg = Release|Any CPU
		{9605E17D-8204-4882-84B4-5EEC296FBBA1}.Release|Any CPU.Build.0 = Release|Any CPU
	EndGlobalSection
	GlobalSection(SolutionProperties) = preSolution
		HideSolutionNode = FALSE
	EndGlobalSection
	GlobalSection(ExtensibilityGlobals) = postSolution
		SolutionGuid = {0456C70E-5B39-495B-8660-5EBDC6356B5A}
	EndGlobalSection
EndGlobal
